// !$*UTF8*$!
{
	archiveVersion = 1;
	classes = {
	};
	objectVersion = 46;
	objects = {

/* Begin PBXBuildFile section */
		DC3C70BA14C864E500A53F76 /* UIKit.framework in Frameworks */ = {isa = PBXBuildFile; fileRef = DC3C70B914C864E500A53F76 /* UIKit.framework */; };
		DC3C70BC14C864E500A53F76 /* Foundation.framework in Frameworks */ = {isa = PBXBuildFile; fileRef = DC3C70BB14C864E500A53F76 /* Foundation.framework */; };
		DC3C70BE14C864E500A53F76 /* CoreGraphics.framework in Frameworks */ = {isa = PBXBuildFile; fileRef = DC3C70BD14C864E500A53F76 /* CoreGraphics.framework */; };
		DC3C70C414C864E500A53F76 /* InfoPlist.strings in Resources */ = {isa = PBXBuildFile; fileRef = DC3C70C214C864E500A53F76 /* InfoPlist.strings */; };
		DC3C70C614C864E500A53F76 /* main.m in Sources */ = {isa = PBXBuildFile; fileRef = DC3C70C514C864E500A53F76 /* main.m */; };
		DC3C70CA14C864E500A53F76 /* AppDelegate.m in Sources */ = {isa = PBXBuildFile; fileRef = DC3C70C914C864E500A53F76 /* AppDelegate.m */; };
		DC3C70CD14C864E500A53F76 /* MainStoryboard.storyboard in Resources */ = {isa = PBXBuildFile; fileRef = DC3C70CB14C864E500A53F76 /* MainStoryboard.storyboard */; };
		DC3C70D014C864E500A53F76 /* ViewController.m in Sources */ = {isa = PBXBuildFile; fileRef = DC3C70CF14C864E500A53F76 /* ViewController.m */; };
		DC3C710114C8A65800A53F76 /* SettingsPoc.bundle in Resources */ = {isa = PBXBuildFile; fileRef = DC3C710014C8A65800A53F76 /* SettingsPoc.bundle */; };
/* End PBXBuildFile section */

/* Begin PBXFileReference section */
		DC3C70B514C864E500A53F76 /* BundlePoc.app */ = {isa = PBXFileReference; explicitFileType = wrapper.application; includeInIndex = 0; path = BundlePoc.app; sourceTree = BUILT_PRODUCTS_DIR; };
		DC3C70B914C864E500A53F76 /* UIKit.framework */ = {isa = PBXFileReference; lastKnownFileType = wrapper.framework; name = UIKit.framework; path = System/Library/Frameworks/UIKit.framework; sourceTree = SDKROOT; };
		DC3C70BB14C864E500A53F76 /* Foundation.framework */ = {isa = PBXFileReference; lastKnownFileType = wrapper.framework; name = Foundation.framework; path = System/Library/Frameworks/Foundation.framework; sourceTree = SDKROOT; };
		DC3C70BD14C864E500A53F76 /* CoreGraphics.framework */ = {isa = PBXFileReference; lastKnownFileType = wrapper.framework; name = CoreGraphics.framework; path = System/Library/Frameworks/CoreGraphics.framework; sourceTree = SDKROOT; };
		DC3C70C114C864E500A53F76 /* BundlePoc-Info.plist */ = {isa = PBXFileReference; lastKnownFileType = text.plist.xml; path = "BundlePoc-Info.plist"; sourceTree = "<group>"; };
		DC3C70C314C864E500A53F76 /* en */ = {isa = PBXFileReference; lastKnownFileType = text.plist.strings; name = en; path = en.lproj/InfoPlist.strings; sourceTree = "<group>"; };
		DC3C70C514C864E500A53F76 /* main.m */ = {isa = PBXFileReference; lastKnownFileType = sourcecode.c.objc; path = main.m; sourceTree = "<group>"; };
		DC3C70C714C864E500A53F76 /* BundlePoc-Prefix.pch */ = {isa = PBXFileReference; lastKnownFileType = sourcecode.c.h; path = "BundlePoc-Prefix.pch"; sourceTree = "<group>"; };
		DC3C70C814C864E500A53F76 /* AppDelegate.h */ = {isa = PBXFileReference; lastKnownFileType = sourcecode.c.h; path = AppDelegate.h; sourceTree = "<group>"; };
		DC3C70C914C864E500A53F76 /* AppDelegate.m */ = {isa = PBXFileReference; lastKnownFileType = sourcecode.c.objc; path = AppDelegate.m; sourceTree = "<group>"; };
		DC3C70CC14C864E500A53F76 /* en */ = {isa = PBXFileReference; lastKnownFileType = file.storyboard; name = en; path = en.lproj/MainStoryboard.storyboard; sourceTree = "<group>"; };
		DC3C70CE14C864E500A53F76 /* ViewController.h */ = {isa = PBXFileReference; lastKnownFileType = sourcecode.c.h; path = ViewController.h; sourceTree = "<group>"; };
		DC3C70CF14C864E500A53F76 /* ViewController.m */ = {isa = PBXFileReference; lastKnownFileType = sourcecode.c.objc; path = ViewController.m; sourceTree = "<group>"; };
		DC3C710014C8A65800A53F76 /* SettingsPoc.bundle */ = {isa = PBXFileReference; lastKnownFileType = "wrapper.plug-in"; path = SettingsPoc.bundle; sourceTree = "<group>"; };
/* End PBXFileReference section */

/* Begin PBXFrameworksBuildPhase section */
		DC3C70B214C864E500A53F76 /* Frameworks */ = {
			isa = PBXFrameworksBuildPhase;
			buildActionMask = 2147483647;
			files = (
				DC3C70BA14C864E500A53F76 /* UIKit.framework in Frameworks */,
				DC3C70BC14C864E500A53F76 /* Foundation.framework in Frameworks */,
				DC3C70BE14C864E500A53F76 /* CoreGraphics.framework in Frameworks */,
			);
			runOnlyForDeploymentPostprocessing = 0;
		};
/* End PBXFrameworksBuildPhase section */

/* Begin PBXGroup section */
		DC3C70AA14C864E500A53F76 = {
			isa = PBXGroup;
			children = (
				DC3C70BF14C864E500A53F76 /* BundlePoc */,
				DC3C70B814C864E500A53F76 /* Frameworks */,
				DC3C70B614C864E500A53F76 /* Products */,
				DC3C710014C8A65800A53F76 /* SettingsPoc.bundle */,
			);
			sourceTree = "<group>";
		};
		DC3C70B614C864E500A53F76 /* Products */ = {
			isa = PBXGroup;
			children = (
				DC3C70B514C864E500A53F76 /* BundlePoc.app */,
			);
			name = Products;
			sourceTree = "<group>";
		};
		DC3C70B814C864E500A53F76 /* Frameworks */ = {
			isa = PBXGroup;
			children = (
				DC3C70B914C864E500A53F76 /* UIKit.framework */,
				DC3C70BB14C864E500A53F76 /* Foundation.framework */,
				DC3C70BD14C864E500A53F76 /* CoreGraphics.framework */,
			);
			name = Frameworks;
			sourceTree = "<group>";
		};
		DC3C70BF14C864E500A53F76 /* BundlePoc */ = {
			isa = PBXGroup;
			children = (
				DC3C70C814C864E500A53F76 /* AppDelegate.h */,
				DC3C70C914C864E500A53F76 /* AppDelegate.m */,
				DC3C70CB14C864E500A53F76 /* MainStoryboard.storyboard */,
				DC3C70CE14C864E500A53F76 /* ViewController.h */,
				DC3C70CF14C864E500A53F76 /* ViewController.m */,
				DC3C70C014C864E500A53F76 /* Supporting Files */,
			);
			path = BundlePoc;
			sourceTree = "<group>";
		};
		DC3C70C014C864E500A53F76 /* Supporting Files */ = {
			isa = PBXGroup;
			children = (
				DC3C70C114C864E500A53F76 /* BundlePoc-Info.plist */,
				DC3C70C214C864E500A53F76 /* InfoPlist.strings */,
				DC3C70C514C864E500A53F76 /* main.m */,
				DC3C70C714C864E500A53F76 /* BundlePoc-Prefix.pch */,
			);
			name = "Supporting Files";
			sourceTree = "<group>";
		};
/* End PBXGroup section */

/* Begin PBXNativeTarget section */
		DC3C70B414C864E500A53F76 /* BundlePoc */ = {
			isa = PBXNativeTarget;
			buildConfigurationList = DC3C70D314C864E500A53F76 /* Build configuration list for PBXNativeTarget "BundlePoc" */;
			buildPhases = (
				DC3C70B114C864E500A53F76 /* Sources */,
				DC3C70B214C864E500A53F76 /* Frameworks */,
				DC3C70B314C864E500A53F76 /* Resources */,
			);
			buildRules = (
			);
			dependencies = (
			);
			name = BundlePoc;
			productName = BundlePoc;
			productReference = DC3C70B514C864E500A53F76 /* BundlePoc.app */;
			productType = "com.apple.product-type.application";
		};
/* End PBXNativeTarget section */

/* Begin PBXProject section */
		DC3C70AC14C864E500A53F76 /* Project object */ = {
			isa = PBXProject;
			attributes = {
				LastUpgradeCheck = 0420;
				ORGANIZATIONNAME = "Excelsys Soluciones SpA";
			};
			buildConfigurationList = DC3C70AF14C864E500A53F76 /* Build configuration list for PBXProject "BundlePoc" */;
			compatibilityVersion = "Xcode 3.2";
			developmentRegion = English;
			hasScannedForEncodings = 0;
			knownRegions = (
				en,
			);
			mainGroup = DC3C70AA14C864E500A53F76;
			productRefGroup = DC3C70B614C864E500A53F76 /* Products */;
			projectDirPath = "";
			projectRoot = "";
			targets = (
				DC3C70B414C864E500A53F76 /* BundlePoc */,
			);
		};
/* End PBXProject section */

/* Begin PBXResourcesBuildPhase section */
		DC3C70B314C864E500A53F76 /* Resources */ = {
			isa = PBXResourcesBuildPhase;
			buildActionMask = 2147483647;
			files = (
				DC3C70C414C864E500A53F76 /* InfoPlist.strings in Resources */,
				DC3C70CD14C864E500A53F76 /* MainStoryboard.storyboard in Resources */,
				DC3C710114C8A65800A53F76 /* SettingsPoc.bundle in Resources */,
			);
			runOnlyForDeploymentPostprocessing = 0;
		};
/* End PBXResourcesBuildPhase section */

/* Begin PBXSourcesBuildPhase section */
		DC3C70B114C864E500A53F76 /* Sources */ = {
			isa = PBXSourcesBuildPhase;
			buildActionMask = 2147483647;
			files = (
				DC3C70C614C864E500A53F76 /* main.m in Sources */,
				DC3C70CA14C864E500A53F76 /* AppDelegate.m in Sources */,
				DC3C70D014C864E500A53F76 /* ViewController.m in Sources */,
			);
			runOnlyForDeploymentPostprocessing = 0;
		};
/* End PBXSourcesBuildPhase section */

/* Begin PBXVariantGroup section */
		DC3C70C214C864E500A53F76 /* InfoPlist.strings */ = {
			isa = PBXVariantGroup;
			children = (
				DC3C70C314C864E500A53F76 /* en */,
			);
			name = InfoPlist.strings;
			sourceTree = "<group>";
		};
		DC3C70CB14C864E500A53F76 /* MainStoryboard.storyboard */ = {
			isa = PBXVariantGroup;
			children = (
				DC3C70CC14C864E500A53F76 /* en */,
			);
			name = MainStoryboard.storyboard;
			sourceTree = "<group>";
		};
/* End PBXVariantGroup section */

/* Begin XCBuildConfiguration section */
		DC3C70D114C864E500A53F76 /* Debug */ = {
			isa = XCBuildConfiguration;
			buildSettings = {
				ALWAYS_SEARCH_USER_PATHS = NO;
				ARCHS = "$(ARCHS_STANDARD_32_BIT)";
				CLANG_ENABLE_OBJC_ARC = YES;
				"CODE_SIGN_IDENTITY[sdk=iphoneos*]" = "iPhone Developer";
				COPY_PHASE_STRIP = NO;
				GCC_C_LANGUAGE_STANDARD = gnu99;
				GCC_DYNAMIC_NO_PIC = NO;
				GCC_OPTIMIZATION_LEVEL = 0;
				GCC_PREPROCESSOR_DEFINITIONS = (
					"DEBUG=1",
					"$(inherited)",
				);
				GCC_SYMBOLS_PRIVATE_EXTERN = NO;
				GCC_VERSION = com.apple.compilers.llvm.clang.1_0;
				GCC_WARN_ABOUT_MISSING_PROTOTYPES = YES;
				GCC_WARN_ABOUT_RETURN_TYPE = YES;
				GCC_WARN_UNUSED_VARIABLE = YES;
				IPHONEOS_DEPLOYMENT_TARGET = 5.0;
				SDKROOT = iphoneos;
				TARGETED_DEVICE_FAMILY = 2;
			};
			name = Debug;
		};
		DC3C70D214C864E500A53F76 /* Release */ = {
			isa = XCBuildConfiguration;
			buildSettings = {
				ALWAYS_SEARCH_USER_PATHS = NO;
				ARCHS = "$(ARCHS_STANDARD_32_BIT)";
				CLANG_ENABLE_OBJC_ARC = YES;
				"CODE_SIGN_IDENTITY[sdk=iphoneos*]" = "iPhone Developer";
				COPY_PHASE_STRIP = YES;
				GCC_C_LANGUAGE_STANDARD = gnu99;
				GCC_VERSION = com.apple.compilers.llvm.clang.1_0;
				GCC_WARN_ABOUT_MISSING_PROTOTYPES = YES;
				GCC_WARN_ABOUT_RETURN_TYPE = YES;
				GCC_WARN_UNUSED_VARIABLE = YES;
				IPHONEOS_DEPLOYMENT_TARGET = 5.0;
				OTHER_CFLAGS = "-DNS_BLOCK_ASSERTIONS=1";
				SDKROOT = iphoneos;
				TARGETED_DEVICE_FAMILY = 2;
				VALIDATE_PRODUCT = YES;
			};
			name = Release;
		};
		DC3C70D414C864E500A53F76 /* Debug */ = {
			isa = XCBuildConfiguration;
			buildSettings = {
				GCC_PRECOMPILE_PREFIX_HEADER = YES;
				GCC_PREFIX_HEADER = "BundlePoc/BundlePoc-Prefix.pch";
				INFOPLIST_FILE = "BundlePoc/BundlePoc-Info.plist";
				PRODUCT_NAME = "$(TARGET_NAME)";
				WRAPPER_EXTENSION = app;
			};
			name = Debug;
		};
		DC3C70D514C864E500A53F76 /* Release */ = {
			isa = XCBuildConfiguration;
			buildSettings = {
				GCC_PRECOMPILE_PREFIX_HEADER = YES;
				GCC_PREFIX_HEADER = "BundlePoc/BundlePoc-Prefix.pch";
				INFOPLIST_FILE = "BundlePoc/BundlePoc-Info.plist";
				PRODUCT_NAME = "$(TARGET_NAME)";
				WRAPPER_EXTENSION = app;
			};
			name = Release;
		};
/* End XCBuildConfiguration section */

/* Begin XCConfigurationList section */
		DC3C70AF14C864E500A53F76 /* Build configuration list for PBXProject "BundlePoc" */ = {
			isa = XCConfigurationList;
			buildConfigurations = (
				DC3C70D114C864E500A53F76 /* Debug */,
				DC3C70D214C864E500A53F76 /* Release */,
			);
			defaultConfigurationIsVisible = 0;
			defaultConfigurationName = Release;
		};
		DC3C70D314C864E500A53F76 /* Build configuration list for PBXNativeTarget "BundlePoc" */ = {
			isa = XCConfigurationList;
			buildConfigurations = (
				DC3C70D414C864E500A53F76 /* Debug */,
				DC3C70D514C864E500A53F76 /* Release */,
			);
			defaultConfigurationIsVisible = 0;
			defaultConfigurationName = Release;
		};
/* End XCConfigurationList section */
	};
	rootObject = DC3C70AC14C864E500A53F76 /* Project object */;
}
